PODS:
  - JSONKit (1.5pre)
  - Masonry (0.4.0)
  - NUI (0.5.4):
    - NUIParse
  - NUIParse (1.2)
  - ReactiveCocoa (2.3):
    - ReactiveCocoa/Core
    - ReactiveCocoa/no-arc
  - ReactiveCocoa/Core (2.3):
    - ReactiveCocoa/no-arc
  - ReactiveCocoa/no-arc (2.3)
  - RegexKitLite (4.0)
  - UIView+AutoLayout (1.3.0)

DEPENDENCIES:
  - JSONKit (~> 1.4)
  - Masonry (= 0.4.0)
  - NUI (= 0.5.4)
  - ReactiveCocoa
  - RegexKitLite (= 4.0)
  - UIView+AutoLayout (= 1.3.0)

SPEC CHECKSUMS:
  JSONKit: b1f52f3f522b8602307769511d4fb47c6f856159
  Masonry: d673617c9cbc24aaea90fba20b10e47fd9970a39
  NUI: 4859620744f2645e596d0a3b949dd66868d1fc52
  NUIParse: 14e226aa09f10f109dbd6863759e07f80276f397
  ReactiveCocoa: 1f6265f9d521923d3efcc37b00722cefc16df269
  RegexKitLite: b16f029b518614394438e17b7d1df8bfa1e5a81e
  UIView+AutoLayout: 43373a18797954fd8ee3b1423af364f1b80a2af8

COCOAPODS: 0.32.1
